
Microsoft Visual Studio Solution File, Format Version 11.00
# Visual Studio 2010
Project("{FAE04EC0-301F-11D3-BF4B-00C04F79EFBC}") = "Assembly-CSharp", "Assembly-CSharp.csproj", "{5d6354e2-b283-6c7c-4d92-d6bfb9394199}"
EndProject
Project("{FAE04EC0-301F-11D3-BF4B-00C04F79EFBC}") = "Assembly-CSharp-Editor", "Assembly-CSharp-Editor.csproj", "{ad8f82ef-9a36-844b-7606-08eee9de8155}"
EndProject
Global
	GlobalSection(SolutionConfigurationPlatforms) = preSolution
		Debug|Any CPU = Debug|Any CPU
	EndGlobalSection
	GlobalSection(ProjectConfigurationPlatforms) = postSolution
		{5d6354e2-b283-6c7c-4d92-d6bfb9394199}.Debug|Any CPU.ActiveCfg = Debug|Any CPU
		{5d6354e2-b283-6c7c-4d92-d6bfb9394199}.Debug|Any CPU.Build.0 = Debug|Any CPU
		{ad8f82ef-9a36-844b-7606-08eee9de8155}.Debug|Any CPU.ActiveCfg = Debug|Any CPU
		{ad8f82ef-9a36-844b-7606-08eee9de8155}.Debug|Any CPU.Build.0 = Debug|Any CPU
	EndGlobalSection
	GlobalSection(SolutionProperties) = preSolution
		HideSolutionNode = FALSE
	EndGlobalSection
EndGlobal
